
Microsoft Visual Studio Solution File, Format Version 12.00
# Visual Studio Version 17
VisualStudioVersion = 17.1.32414.318
MinimumVisualStudioVersion = 10.0.40219.1
Project("{FAE04EC0-301F-11D3-BF4B-00C04F79EFBC}") = "BlazorShopApp.Server", "BlazorShopApp\Server\BlazorShopApp.Server.csproj", "{93C0580B-EE32-4DAD-A3FE-5990E229E172}"
EndProject
Project("{FAE04EC0-301F-11D3-BF4B-00C04F79EFBC}") = "BlazorShopApp.Client", "BlazorShopApp\Client\BlazorShopApp.Client.csproj", "{721E464E-C295-43DA-8B5F-3325A5765445}"
EndProject
Project("{FAE04EC0-301F-11D3-BF4B-00C04F79EFBC}") = "BlazorShopApp.Shared", "BlazorShopApp\Shared\BlazorShopApp.Shared.csproj", "{6EF3BF65-B83D-4793-AF69-61110FDC53F2}"
EndProject
Global
	GlobalSection(SolutionConfigurationPlatforms) = preSolution
		Debug|Any CPU = Debug|Any CPU
		Release|Any CPU = Release|Any CPU
	EndGlobalSection
	GlobalSection(ProjectConfigurationPlatforms) = postSolution
		{93C0580B-EE32-4DAD-A3FE-5990E229E172}.Debug|Any CPU.ActiveCfg = Debug|Any CPU
		{93C0580B-EE32-4DAD-A3FE-5990E229E172}.Debug|Any CPU.Build.0 = Debug|Any CPU
		{93C0580B-EE32-4DAD-A3FE-5990E229E172}.Release|Any CPU.ActiveCfg = Release|Any CPU
		{93C0580B-EE32-4DAD-A3FE-5990E229E172}.Release|Any CPU.Build.0 = Release|Any CPU
		{721E464E-C295-43DA-8B5F-3325A5765445}.Debug|Any CPU.ActiveCfg = Debug|Any CPU
		{721E464E-C295-43DA-8B5F-3325A5765445}.Debug|Any CPU.Build.0 = Debug|Any CPU
		{721E464E-C295-43DA-8B5F-3325A5765445}.Release|Any CPU.ActiveCfg = Release|Any CPU
		{721E464E-C295-43DA-8B5F-3325A5765445}.Release|Any CPU.Build.0 = Release|Any CPU
		{6EF3BF65-B83D-4793-AF69-61110FDC53F2}.Debug|Any CPU.ActiveCfg = Debug|Any CPU
		{6EF3BF65-B83D-4793-AF69-61110FDC53F2}.Debug|Any CPU.Build.0 = Debug|Any CPU
		{6EF3BF65-B83D-4793-AF69-61110FDC53F2}.Release|Any CPU.ActiveCfg = Release|Any CPU
		{6EF3BF65-B83D-4793-AF69-61110FDC53F2}.Release|Any CPU.Build.0 = Release|Any CPU
	EndGlobalSection
	GlobalSection(SolutionProperties) = preSolution
		HideSolutionNode = FALSE
	EndGlobalSection
	GlobalSection(ExtensibilityGlobals) = postSolution
		SolutionGuid = {0E9F3A79-E126-4714-9376-071527C1FAFD}
	EndGlobalSection
EndGlobal
